
Microsoft Visual Studio Solution File, Format Version 12.00
# Visual Studio Version 17
VisualStudioVersion = 17.7.34009.444
MinimumVisualStudioVersion = 10.0.40219.1
Project("{9A19103F-16F7-4668-BE54-9A1E7A4F7556}") = "N2", "Bootcamp_N7\N2.csproj", "{CF399FF9-2EEA-49E4-BD2B-30068E4CC7B2}"
EndProject
Project("{2150E333-8FDC-42A3-9474-1A3956D46DE8}") = "N2", "N2", "{16F9D096-DE34-4DB1-984D-072051D8026A}"
EndProject
Project("{2150E333-8FDC-42A3-9474-1A3956D46DE8}") = "N5,6,7", "N5,6,7", "{C7951A27-D573-4057-A1EA-E0176EB5D713}"
EndProject
Project("{9A19103F-16F7-4668-BE54-9A1E7A4F7556}") = "N_5,6,7", "N_5,6,7\N_5,6,7.csproj", "{4D392391-E026-466C-8819-D4830EEBB8C4}"
EndProject
Project("{2150E333-8FDC-42A3-9474-1A3956D46DE8}") = "Homtasks", "Homtasks", "{BC5950C4-E212-46A7-8EEF-81E62D11CB01}"
EndProject
Project("{9A19103F-16F7-4668-BE54-9A1E7A4F7556}") = "N-5,6,7", "N-5,6,7\N-5,6,7.csproj", "{659C5B0A-08AD-423C-A681-043F4248B507}"
EndProject
Project("{2150E333-8FDC-42A3-9474-1A3956D46DE8}") = "N-7,8,9,10", "N-7,8,9,10", "{5D5252FA-F819-4162-B93F-6A6F55DDD9DD}"
EndProject
Project("{2150E333-8FDC-42A3-9474-1A3956D46DE8}") = "OOP homtask", "OOP homtask", "{467045E5-4FDD-4753-ABD6-289B4F5515A8}"
EndProject
Project("{9A19103F-16F7-4668-BE54-9A1E7A4F7556}") = "Taksi Kompaniyasi", "TaxiCompany\Taksi Kompaniyasi.csproj", "{B9012484-03D0-442F-B9AA-65B5F5E303A1}"
EndProject
Project("{2150E333-8FDC-42A3-9474-1A3956D46DE8}") = "N11-GenericTypes", "N11-GenericTypes", "{A90C8602-D99E-417E-BBD9-52C0EA6A6518}"
EndProject
Project("{9A19103F-16F7-4668-BE54-9A1E7A4F7556}") = "N11", "N11\N11.csproj", "{410E1B2B-A78D-4DF4-B2D7-E9D108B39C81}"
EndProject
Project("{2150E333-8FDC-42A3-9474-1A3956D46DE8}") = "Homtask", "Homtask", "{2AB97550-9435-4E9C-B1F9-86FBB6927069}"
EndProject
Project("{9A19103F-16F7-4668-BE54-9A1E7A4F7556}") = "Click", "Click\Click.csproj", "{D2565950-53BA-4E92-A611-418242B7DBA3}"
EndProject
Project("{2150E333-8FDC-42A3-9474-1A3956D46DE8}") = "Click", "Click", "{E4B20BB6-73E2-4873-8A10-FC8CAF19877C}"
EndProject
Project("{2150E333-8FDC-42A3-9474-1A3956D46DE8}") = "HomtaskCollection", "HomtaskCollection", "{0D8B4E76-7213-4A4D-92D5-3AEAC8BF4B0C}"
EndProject
Project("{9A19103F-16F7-4668-BE54-9A1E7A4F7556}") = "JaggedArray", "JaggedArray\JaggedArray.csproj", "{3BE30730-4C66-4EA7-956A-31CF86F231FA}"
EndProject
Project("{9A19103F-16F7-4668-BE54-9A1E7A4F7556}") = "LinkList", "LinkList\LinkList.csproj", "{9BF87F77-CF29-40F9-985C-BE1CAF8C13DF}"
EndProject
Project("{2150E333-8FDC-42A3-9474-1A3956D46DE8}") = "Delegate", "Delegate", "{1CC7FCBE-7CA6-42F5-8F09-3D3D4C3F8605}"
EndProject
Project("{9A19103F-16F7-4668-BE54-9A1E7A4F7556}") = "Delegate", "N19\Delegate.csproj", "{F292CA18-C90D-43F6-9949-3F3268E0B597}"
EndProject
Project("{9A19103F-16F7-4668-BE54-9A1E7A4F7556}") = "RegularExpression", "RegularExpression\RegularExpression.csproj", "{545FE854-70E5-4D62-83E2-2047F07918BD}"
EndProject
Project("{9A19103F-16F7-4668-BE54-9A1E7A4F7556}") = "RegularExpression_Homtask2", "RegularExpression_Homtask2\RegularExpression_Homtask2.csproj", "{79FCF2C2-342E-42EF-9F94-F07DEA0C0CFC}"
EndProject
Project("{2150E333-8FDC-42A3-9474-1A3956D46DE8}") = "DateTime,StringBuilder", "DateTime,StringBuilder", "{37E0110E-FF13-4EB8-9F63-F6AFB15D8467}"
EndProject
Project("{9A19103F-16F7-4668-BE54-9A1E7A4F7556}") = "N6Lesson", "N6Lesson\N6Lesson.csproj", "{30490FD3-E7D5-415F-88AD-362EF4865D93}"
EndProject
Project("{9A19103F-16F7-4668-BE54-9A1E7A4F7556}") = "Fayllar bilan ishlash", "Fayllar bilan ishlash\Fayllar bilan ishlash.csproj", "{932FF155-AF9A-4923-BF28-A50605E2148A}"
EndProject
Project("{9A19103F-16F7-4668-BE54-9A1E7A4F7556}") = "HT1 Fayl qidirish", "HT1 Fayl qidirish\HT1 Fayl qidirish.csproj", "{9BC92AB0-1104-4A7E-8E9A-6D1A01F5B43F}"
EndProject
Project("{9A19103F-16F7-4668-BE54-9A1E7A4F7556}") = "TestTuzishProject", "TestTuzishProject\TestTuzishProject.csproj", "{B8EA35FC-A9BF-482D-8C40-64BC3DC28FE7}"
EndProject
Project("{2150E333-8FDC-42A3-9474-1A3956D46DE8}") = "JsonFile", "JsonFile", "{BABF0613-8F7C-4949-9D19-DC16CB9F5DCD}"
EndProject
Project("{9A19103F-16F7-4668-BE54-9A1E7A4F7556}") = "JsonFileExample", "JsonFileExample\JsonFileExample.csproj", "{6DF71064-1DB8-44F5-9845-E39004EBCC46}"
EndProject
Project("{9A19103F-16F7-4668-BE54-9A1E7A4F7556}") = "write_info_in_excel", "write_info_in_excel\write_info_in_excel.csproj", "{F6DA5030-C1CB-4775-939E-5D488C44A1F5}"
EndProject
Project("{9A19103F-16F7-4668-BE54-9A1E7A4F7556}") = "XML file example", "XML file example\XML file example.csproj", "{094AE590-8F63-4563-9AED-953002A8BD86}"
EndProject
Project("{9A19103F-16F7-4668-BE54-9A1E7A4F7556}") = "HTTPClient", "HttpClient\HTTPClient.csproj", "{2C7C02F9-E95D-467D-89A0-D150A0BBAE6E}"
EndProject
Project("{2150E333-8FDC-42A3-9474-1A3956D46DE8}") = "Http_Client", "Http_Client", "{3E019359-DB2F-4CA0-BFAC-543FFBC8C085}"
EndProject
Project("{9A19103F-16F7-4668-BE54-9A1E7A4F7556}") = "Http_Client_T", "Http_Client_T\Http_Client_T.csproj", "{50F7CE6D-892A-4315-A01E-326AF8970421}"
EndProject
Project("{2150E333-8FDC-42A3-9474-1A3956D46DE8}") = "Homtask", "Homtask", "{EA5B14B5-D73A-498C-A02E-22EF2CDE6331}"
EndProject
Project("{9A19103F-16F7-4668-BE54-9A1E7A4F7556}") = "HT1", "HT1\HT1.csproj", "{6F3DC545-032E-4EA2-A57B-20BC3BD242B6}"
EndProject
Project("{9A19103F-16F7-4668-BE54-9A1E7A4F7556}") = "HT2", "HT2\HT2.csproj", "{98986BFE-78F0-4C13-BEDA-5EB491DC34C1}"
EndProject
Project("{9A19103F-16F7-4668-BE54-9A1E7A4F7556}") = "HT3", "HT3\HT3.csproj", "{9422CE52-C6A2-470E-B17D-C2C419C934E7}"
EndProject
Project("{9A19103F-16F7-4668-BE54-9A1E7A4F7556}") = "HT4", "HT4\HT4.csproj", "{7778A9A1-C677-4B8E-BFBC-8C245380F6F1}"
EndProject
Project("{9A19103F-16F7-4668-BE54-9A1E7A4F7556}") = "HT5", "HT5\HT5.csproj", "{37693F9F-D1D1-42B1-A849-9A42EFB74BBE}"
EndProject
Project("{2150E333-8FDC-42A3-9474-1A3956D46DE8}") = "DownloadImage", "DownloadImage", "{77D57CDC-6D49-4E1C-B5FF-8A3B5384BBFD}"
EndProject
Project("{9A19103F-16F7-4668-BE54-9A1E7A4F7556}") = "DownloadImage", "DownloadImage\DownloadImage.csproj", "{BF909B3E-070C-475F-AB40-04370C5585A1}"
EndProject
Project("{2150E333-8FDC-42A3-9474-1A3956D46DE8}") = "Threads", "Threads", "{DA47AEC4-6A1B-436A-837E-5D3450815A82}"
EndProject
Project("{9A19103F-16F7-4668-BE54-9A1E7A4F7556}") = "Threads", "Threads\Threads.csproj", "{4C247E6C-0B39-4A71-A4FD-9C5149CCF161}"
EndProject
Project("{9A19103F-16F7-4668-BE54-9A1E7A4F7556}") = "Example", "Example\Example.csproj", "{B98EC97D-717C-495B-A78D-D8BF4156EFD2}"
EndProject
Project("{9A19103F-16F7-4668-BE54-9A1E7A4F7556}") = "Get,Put,Post", "Get,Put,Post\Get,Put,Post.csproj", "{C400E2B6-7B64-46C5-8EEF-302B0CD93940}"
EndProject
Project("{2150E333-8FDC-42A3-9474-1A3956D46DE8}") = "TelegramBot", "TelegramBot", "{9ED833B0-E151-4E58-93FC-546663587444}"
EndProject
Project("{9A19103F-16F7-4668-BE54-9A1E7A4F7556}") = "Telegram_Bot_Example", "Telegram_Bot_Example\Telegram_Bot_Example.csproj", "{31617CC0-2D30-44B2-AE4A-D64F9D75AE68}"
EndProject
Project("{9A19103F-16F7-4668-BE54-9A1E7A4F7556}") = "QuizBot", "QuizBot\QuizBot.csproj", "{05C99549-811A-4972-A3C3-58E0B75716FD}"
EndProject
Project("{9A19103F-16F7-4668-BE54-9A1E7A4F7556}") = "Exam", "Exam\Exam.csproj", "{BD7DFCAF-138F-4CD4-B1CC-D08F55C0C37A}"
EndProject
Project("{9A19103F-16F7-4668-BE54-9A1E7A4F7556}") = "Json", "Json\Json.csproj", "{16FD041E-8A87-4E98-99A1-53393F43DF24}"
EndProject
Project("{FAE04EC0-301F-11D3-BF4B-00C04F79EFBC}") = "FilmSearchBot", "TeleramBotOxirgiKun\FilmSearchBot.csproj", "{5758FE26-34F0-417E-9806-7CECCA3A8306}"
EndProject
Global
	GlobalSection(SolutionConfigurationPlatforms) = preSolution
		Debug|Any CPU = Debug|Any CPU
		Release|Any CPU = Release|Any CPU
	EndGlobalSection
	GlobalSection(ProjectConfigurationPlatforms) = postSolution
		{CF399FF9-2EEA-49E4-BD2B-30068E4CC7B2}.Debug|Any CPU.ActiveCfg = Debug|Any CPU
		{CF399FF9-2EEA-49E4-BD2B-30068E4CC7B2}.Debug|Any CPU.Build.0 = Debug|Any CPU
		{CF399FF9-2EEA-49E4-BD2B-30068E4CC7B2}.Release|Any CPU.ActiveCfg = Release|Any CPU
		{CF399FF9-2EEA-49E4-BD2B-30068E4CC7B2}.Release|Any CPU.Build.0 = Release|Any CPU
		{4D392391-E026-466C-8819-D4830EEBB8C4}.Debug|Any CPU.ActiveCfg = Debug|Any CPU
		{4D392391-E026-466C-8819-D4830EEBB8C4}.Debug|Any CPU.Build.0 = Debug|Any CPU
		{4D392391-E026-466C-8819-D4830EEBB8C4}.Release|Any CPU.ActiveCfg = Release|Any CPU
		{4D392391-E026-466C-8819-D4830EEBB8C4}.Release|Any CPU.Build.0 = Release|Any CPU
		{659C5B0A-08AD-423C-A681-043F4248B507}.Debug|Any CPU.ActiveCfg = Debug|Any CPU
		{659C5B0A-08AD-423C-A681-043F4248B507}.Debug|Any CPU.Build.0 = Debug|Any CPU
		{659C5B0A-08AD-423C-A681-043F4248B507}.Release|Any CPU.ActiveCfg = Release|Any CPU
		{659C5B0A-08AD-423C-A681-043F4248B507}.Release|Any CPU.Build.0 = Release|Any CPU
		{B9012484-03D0-442F-B9AA-65B5F5E303A1}.Debug|Any CPU.ActiveCfg = Debug|Any CPU
		{B9012484-03D0-442F-B9AA-65B5F5E303A1}.Debug|Any CPU.Build.0 = Debug|Any CPU
		{B9012484-03D0-442F-B9AA-65B5F5E303A1}.Release|Any CPU.ActiveCfg = Release|Any CPU
		{B9012484-03D0-442F-B9AA-65B5F5E303A1}.Release|Any CPU.Build.0 = Release|Any CPU
		{410E1B2B-A78D-4DF4-B2D7-E9D108B39C81}.Debug|Any CPU.ActiveCfg = Debug|Any CPU
		{410E1B2B-A78D-4DF4-B2D7-E9D108B39C81}.Debug|Any CPU.Build.0 = Debug|Any CPU
		{410E1B2B-A78D-4DF4-B2D7-E9D108B39C81}.Release|Any CPU.ActiveCfg = Release|Any CPU
		{410E1B2B-A78D-4DF4-B2D7-E9D108B39C81}.Release|Any CPU.Build.0 = Release|Any CPU
		{D2565950-53BA-4E92-A611-418242B7DBA3}.Debug|Any CPU.ActiveCfg = Debug|Any CPU
		{D2565950-53BA-4E92-A611-418242B7DBA3}.Debug|Any CPU.Build.0 = Debug|Any CPU
		{D2565950-53BA-4E92-A611-418242B7DBA3}.Release|Any CPU.ActiveCfg = Release|Any CPU
		{D2565950-53BA-4E92-A611-418242B7DBA3}.Release|Any CPU.Build.0 = Release|Any CPU
		{3BE30730-4C66-4EA7-956A-31CF86F231FA}.Debug|Any CPU.ActiveCfg = Debug|Any CPU
		{3BE30730-4C66-4EA7-956A-31CF86F231FA}.Debug|Any CPU.Build.0 = Debug|Any CPU
		{3BE30730-4C66-4EA7-956A-31CF86F231FA}.Release|Any CPU.ActiveCfg = Release|Any CPU
		{3BE30730-4C66-4EA7-956A-31CF86F231FA}.Release|Any CPU.Build.0 = Release|Any CPU
		{9BF87F77-CF29-40F9-985C-BE1CAF8C13DF}.Debug|Any CPU.ActiveCfg = Debug|Any CPU
		{9BF87F77-CF29-40F9-985C-BE1CAF8C13DF}.Debug|Any CPU.Build.0 = Debug|Any CPU
		{9BF87F77-CF29-40F9-985C-BE1CAF8C13DF}.Release|Any CPU.ActiveCfg = Release|Any CPU
		{9BF87F77-CF29-40F9-985C-BE1CAF8C13DF}.Release|Any CPU.Build.0 = Release|Any CPU
		{F292CA18-C90D-43F6-9949-3F3268E0B597}.Debug|Any CPU.ActiveCfg = Debug|Any CPU
		{F292CA18-C90D-43F6-9949-3F3268E0B597}.Debug|Any CPU.Build.0 = Debug|Any CPU
		{F292CA18-C90D-43F6-9949-3F3268E0B597}.Release|Any CPU.ActiveCfg = Release|Any CPU
		{F292CA18-C90D-43F6-9949-3F3268E0B597}.Release|Any CPU.Build.0 = Release|Any CPU
		{545FE854-70E5-4D62-83E2-2047F07918BD}.Debug|Any CPU.ActiveCfg = Debug|Any CPU
		{545FE854-70E5-4D62-83E2-2047F07918BD}.Debug|Any CPU.Build.0 = Debug|Any CPU
		{545FE854-70E5-4D62-83E2-2047F07918BD}.Release|Any CPU.ActiveCfg = Release|Any CPU
		{545FE854-70E5-4D62-83E2-2047F07918BD}.Release|Any CPU.Build.0 = Release|Any CPU
		{79FCF2C2-342E-42EF-9F94-F07DEA0C0CFC}.Debug|Any CPU.ActiveCfg = Debug|Any CPU
		{79FCF2C2-342E-42EF-9F94-F07DEA0C0CFC}.Debug|Any CPU.Build.0 = Debug|Any CPU
		{79FCF2C2-342E-42EF-9F94-F07DEA0C0CFC}.Release|Any CPU.ActiveCfg = Release|Any CPU
		{79FCF2C2-342E-42EF-9F94-F07DEA0C0CFC}.Release|Any CPU.Build.0 = Release|Any CPU
		{30490FD3-E7D5-415F-88AD-362EF4865D93}.Debug|Any CPU.ActiveCfg = Debug|Any CPU
		{30490FD3-E7D5-415F-88AD-362EF4865D93}.Debug|Any CPU.Build.0 = Debug|Any CPU
		{30490FD3-E7D5-415F-88AD-362EF4865D93}.Release|Any CPU.ActiveCfg = Release|Any CPU
		{30490FD3-E7D5-415F-88AD-362EF4865D93}.Release|Any CPU.Build.0 = Release|Any CPU
		{932FF155-AF9A-4923-BF28-A50605E2148A}.Debug|Any CPU.ActiveCfg = Debug|Any CPU
		{932FF155-AF9A-4923-BF28-A50605E2148A}.Debug|Any CPU.Build.0 = Debug|Any CPU
		{932FF155-AF9A-4923-BF28-A50605E2148A}.Release|Any CPU.ActiveCfg = Release|Any CPU
		{932FF155-AF9A-4923-BF28-A50605E2148A}.Release|Any CPU.Build.0 = Release|Any CPU
		{9BC92AB0-1104-4A7E-8E9A-6D1A01F5B43F}.Debug|Any CPU.ActiveCfg = Debug|Any CPU
		{9BC92AB0-1104-4A7E-8E9A-6D1A01F5B43F}.Debug|Any CPU.Build.0 = Debug|Any CPU
		{9BC92AB0-1104-4A7E-8E9A-6D1A01F5B43F}.Release|Any CPU.ActiveCfg = Release|Any CPU
		{9BC92AB0-1104-4A7E-8E9A-6D1A01F5B43F}.Release|Any CPU.Build.0 = Release|Any CPU
		{B8EA35FC-A9BF-482D-8C40-64BC3DC28FE7}.Debug|Any CPU.ActiveCfg = Debug|Any CPU
		{B8EA35FC-A9BF-482D-8C40-64BC3DC28FE7}.Debug|Any CPU.Build.0 = Debug|Any CPU
		{B8EA35FC-A9BF-482D-8C40-64BC3DC28FE7}.Release|Any CPU.ActiveCfg = Release|Any CPU
		{B8EA35FC-A9BF-482D-8C40-64BC3DC28FE7}.Release|Any CPU.Build.0 = Release|Any CPU
		{6DF71064-1DB8-44F5-9845-E39004EBCC46}.Debug|Any CPU.ActiveCfg = Debug|Any CPU
		{6DF71064-1DB8-44F5-9845-E39004EBCC46}.Debug|Any CPU.Build.0 = Debug|Any CPU
		{6DF71064-1DB8-44F5-9845-E39004EBCC46}.Release|Any CPU.ActiveCfg = Release|Any CPU
		{6DF71064-1DB8-44F5-9845-E39004EBCC46}.Release|Any CPU.Build.0 = Release|Any CPU
		{F6DA5030-C1CB-4775-939E-5D488C44A1F5}.Debug|Any CPU.ActiveCfg = Debug|Any CPU
		{F6DA5030-C1CB-4775-939E-5D488C44A1F5}.Debug|Any CPU.Build.0 = Debug|Any CPU
		{F6DA5030-C1CB-4775-939E-5D488C44A1F5}.Release|Any CPU.ActiveCfg = Release|Any CPU
		{F6DA5030-C1CB-4775-939E-5D488C44A1F5}.Release|Any CPU.Build.0 = Release|Any CPU
		{094AE590-8F63-4563-9AED-953002A8BD86}.Debug|Any CPU.ActiveCfg = Debug|Any CPU
		{094AE590-8F63-4563-9AED-953002A8BD86}.Debug|Any CPU.Build.0 = Debug|Any CPU
		{094AE590-8F63-4563-9AED-953002A8BD86}.Release|Any CPU.ActiveCfg = Release|Any CPU
		{094AE590-8F63-4563-9AED-953002A8BD86}.Release|Any CPU.Build.0 = Release|Any CPU
		{2C7C02F9-E95D-467D-89A0-D150A0BBAE6E}.Debug|Any CPU.ActiveCfg = Debug|Any CPU
		{2C7C02F9-E95D-467D-89A0-D150A0BBAE6E}.Debug|Any CPU.Build.0 = Debug|Any CPU
		{2C7C02F9-E95D-467D-89A0-D150A0BBAE6E}.Release|Any CPU.ActiveCfg = Release|Any CPU
		{2C7C02F9-E95D-467D-89A0-D150A0BBAE6E}.Release|Any CPU.Build.0 = Release|Any CPU
		{50F7CE6D-892A-4315-A01E-326AF8970421}.Debug|Any CPU.ActiveCfg = Debug|Any CPU
		{50F7CE6D-892A-4315-A01E-326AF8970421}.Debug|Any CPU.Build.0 = Debug|Any CPU
		{50F7CE6D-892A-4315-A01E-326AF8970421}.Release|Any CPU.ActiveCfg = Release|Any CPU
		{50F7CE6D-892A-4315-A01E-326AF8970421}.Release|Any CPU.Build.0 = Release|Any CPU
		{6F3DC545-032E-4EA2-A57B-20BC3BD242B6}.Debug|Any CPU.ActiveCfg = Debug|Any CPU
		{6F3DC545-032E-4EA2-A57B-20BC3BD242B6}.Debug|Any CPU.Build.0 = Debug|Any CPU
		{6F3DC545-032E-4EA2-A57B-20BC3BD242B6}.Release|Any CPU.ActiveCfg = Release|Any CPU
		{6F3DC545-032E-4EA2-A57B-20BC3BD242B6}.Release|Any CPU.Build.0 = Release|Any CPU
		{98986BFE-78F0-4C13-BEDA-5EB491DC34C1}.Debug|Any CPU.ActiveCfg = Debug|Any CPU
		{98986BFE-78F0-4C13-BEDA-5EB491DC34C1}.Debug|Any CPU.Build.0 = Debug|Any CPU
		{98986BFE-78F0-4C13-BEDA-5EB491DC34C1}.Release|Any CPU.ActiveCfg = Release|Any CPU
		{98986BFE-78F0-4C13-BEDA-5EB491DC34C1}.Release|Any CPU.Build.0 = Release|Any CPU
		{9422CE52-C6A2-470E-B17D-C2C419C934E7}.Debug|Any CPU.ActiveCfg = Debug|Any CPU
		{9422CE52-C6A2-470E-B17D-C2C419C934E7}.Debug|Any CPU.Build.0 = Debug|Any CPU
		{9422CE52-C6A2-470E-B17D-C2C419C934E7}.Release|Any CPU.ActiveCfg = Release|Any CPU
		{9422CE52-C6A2-470E-B17D-C2C419C934E7}.Release|Any CPU.Build.0 = Release|Any CPU
		{7778A9A1-C677-4B8E-BFBC-8C245380F6F1}.Debug|Any CPU.ActiveCfg = Debug|Any CPU
		{7778A9A1-C677-4B8E-BFBC-8C245380F6F1}.Debug|Any CPU.Build.0 = Debug|Any CPU
		{7778A9A1-C677-4B8E-BFBC-8C245380F6F1}.Release|Any CPU.ActiveCfg = Release|Any CPU
		{7778A9A1-C677-4B8E-BFBC-8C245380F6F1}.Release|Any CPU.Build.0 = Release|Any CPU
		{37693F9F-D1D1-42B1-A849-9A42EFB74BBE}.Debug|Any CPU.ActiveCfg = Debug|Any CPU
		{37693F9F-D1D1-42B1-A849-9A42EFB74BBE}.Debug|Any CPU.Build.0 = Debug|Any CPU
		{37693F9F-D1D1-42B1-A849-9A42EFB74BBE}.Release|Any CPU.ActiveCfg = Release|Any CPU
		{37693F9F-D1D1-42B1-A849-9A42EFB74BBE}.Release|Any CPU.Build.0 = Release|Any CPU
		{BF909B3E-070C-475F-AB40-04370C5585A1}.Debug|Any CPU.ActiveCfg = Debug|Any CPU
		{BF909B3E-070C-475F-AB40-04370C5585A1}.Debug|Any CPU.Build.0 = Debug|Any CPU
		{BF909B3E-070C-475F-AB40-04370C5585A1}.Release|Any CPU.ActiveCfg = Release|Any CPU
		{BF909B3E-070C-475F-AB40-04370C5585A1}.Release|Any CPU.Build.0 = Release|Any CPU
		{4C247E6C-0B39-4A71-A4FD-9C5149CCF161}.Debug|Any CPU.ActiveCfg = Debug|Any CPU
		{4C247E6C-0B39-4A71-A4FD-9C5149CCF161}.Debug|Any CPU.Build.0 = Debug|Any CPU
		{4C247E6C-0B39-4A71-A4FD-9C5149CCF161}.Release|Any CPU.ActiveCfg = Release|Any CPU
		{4C247E6C-0B39-4A71-A4FD-9C5149CCF161}.Release|Any CPU.Build.0 = Release|Any CPU
		{B98EC97D-717C-495B-A78D-D8BF4156EFD2}.Debug|Any CPU.ActiveCfg = Debug|Any CPU
		{B98EC97D-717C-495B-A78D-D8BF4156EFD2}.Debug|Any CPU.Build.0 = Debug|Any CPU
		{B98EC97D-717C-495B-A78D-D8BF4156EFD2}.Release|Any CPU.ActiveCfg = Release|Any CPU
		{B98EC97D-717C-495B-A78D-D8BF4156EFD2}.Release|Any CPU.Build.0 = Release|Any CPU
		{C400E2B6-7B64-46C5-8EEF-302B0CD93940}.Debug|Any CPU.ActiveCfg = Debug|Any CPU
		{C400E2B6-7B64-46C5-8EEF-302B0CD93940}.Debug|Any CPU.Build.0 = Debug|Any CPU
		{C400E2B6-7B64-46C5-8EEF-302B0CD93940}.Release|Any CPU.ActiveCfg = Release|Any CPU
		{C400E2B6-7B64-46C5-8EEF-302B0CD93940}.Release|Any CPU.Build.0 = Release|Any CPU
		{31617CC0-2D30-44B2-AE4A-D64F9D75AE68}.Debug|Any CPU.ActiveCfg = Debug|Any CPU
		{31617CC0-2D30-44B2-AE4A-D64F9D75AE68}.Debug|Any CPU.Build.0 = Debug|Any CPU
		{31617CC0-2D30-44B2-AE4A-D64F9D75AE68}.Release|Any CPU.ActiveCfg = Release|Any CPU
		{31617CC0-2D30-44B2-AE4A-D64F9D75AE68}.Release|Any CPU.Build.0 = Release|Any CPU
		{05C99549-811A-4972-A3C3-58E0B75716FD}.Debug|Any CPU.ActiveCfg = Debug|Any CPU
		{05C99549-811A-4972-A3C3-58E0B75716FD}.Debug|Any CPU.Build.0 = Debug|Any CPU
		{05C99549-811A-4972-A3C3-58E0B75716FD}.Release|Any CPU.ActiveCfg = Release|Any CPU
		{05C99549-811A-4972-A3C3-58E0B75716FD}.Release|Any CPU.Build.0 = Release|Any CPU
		{BD7DFCAF-138F-4CD4-B1CC-D08F55C0C37A}.Debug|Any CPU.ActiveCfg = Debug|Any CPU
		{BD7DFCAF-138F-4CD4-B1CC-D08F55C0C37A}.Debug|Any CPU.Build.0 = Debug|Any CPU
		{BD7DFCAF-138F-4CD4-B1CC-D08F55C0C37A}.Release|Any CPU.ActiveCfg = Release|Any CPU
		{BD7DFCAF-138F-4CD4-B1CC-D08F55C0C37A}.Release|Any CPU.Build.0 = Release|Any CPU
		{16FD041E-8A87-4E98-99A1-53393F43DF24}.Debug|Any CPU.ActiveCfg = Debug|Any CPU
		{16FD041E-8A87-4E98-99A1-53393F43DF24}.Debug|Any CPU.Build.0 = Debug|Any CPU
		{16FD041E-8A87-4E98-99A1-53393F43DF24}.Release|Any CPU.ActiveCfg = Release|Any CPU
		{16FD041E-8A87-4E98-99A1-53393F43DF24}.Release|Any CPU.Build.0 = Release|Any CPU
		{5758FE26-34F0-417E-9806-7CECCA3A8306}.Debug|Any CPU.ActiveCfg = Debug|Any CPU
		{5758FE26-34F0-417E-9806-7CECCA3A8306}.Debug|Any CPU.Build.0 = Debug|Any CPU
		{5758FE26-34F0-417E-9806-7CECCA3A8306}.Release|Any CPU.ActiveCfg = Release|Any CPU
		{5758FE26-34F0-417E-9806-7CECCA3A8306}.Release|Any CPU.Build.0 = Release|Any CPU
	EndGlobalSection
	GlobalSection(SolutionProperties) = preSolution
		HideSolutionNode = FALSE
	EndGlobalSection
	GlobalSection(NestedProjects) = preSolution
		{CF399FF9-2EEA-49E4-BD2B-30068E4CC7B2} = {16F9D096-DE34-4DB1-984D-072051D8026A}
		{4D392391-E026-466C-8819-D4830EEBB8C4} = {C7951A27-D573-4057-A1EA-E0176EB5D713}
		{BC5950C4-E212-46A7-8EEF-81E62D11CB01} = {C7951A27-D573-4057-A1EA-E0176EB5D713}
		{659C5B0A-08AD-423C-A681-043F4248B507} = {BC5950C4-E212-46A7-8EEF-81E62D11CB01}
		{467045E5-4FDD-4753-ABD6-289B4F5515A8} = {5D5252FA-F819-4162-B93F-6A6F55DDD9DD}
		{B9012484-03D0-442F-B9AA-65B5F5E303A1} = {467045E5-4FDD-4753-ABD6-289B4F5515A8}
		{410E1B2B-A78D-4DF4-B2D7-E9D108B39C81} = {A90C8602-D99E-417E-BBD9-52C0EA6A6518}
		{2AB97550-9435-4E9C-B1F9-86FBB6927069} = {A90C8602-D99E-417E-BBD9-52C0EA6A6518}
		{D2565950-53BA-4E92-A611-418242B7DBA3} = {E4B20BB6-73E2-4873-8A10-FC8CAF19877C}
		{E4B20BB6-73E2-4873-8A10-FC8CAF19877C} = {2AB97550-9435-4E9C-B1F9-86FBB6927069}
		{3BE30730-4C66-4EA7-956A-31CF86F231FA} = {0D8B4E76-7213-4A4D-92D5-3AEAC8BF4B0C}
		{9BF87F77-CF29-40F9-985C-BE1CAF8C13DF} = {0D8B4E76-7213-4A4D-92D5-3AEAC8BF4B0C}
		{F292CA18-C90D-43F6-9949-3F3268E0B597} = {1CC7FCBE-7CA6-42F5-8F09-3D3D4C3F8605}
		{545FE854-70E5-4D62-83E2-2047F07918BD} = {1CC7FCBE-7CA6-42F5-8F09-3D3D4C3F8605}
		{79FCF2C2-342E-42EF-9F94-F07DEA0C0CFC} = {1CC7FCBE-7CA6-42F5-8F09-3D3D4C3F8605}
		{30490FD3-E7D5-415F-88AD-362EF4865D93} = {37E0110E-FF13-4EB8-9F63-F6AFB15D8467}
		{932FF155-AF9A-4923-BF28-A50605E2148A} = {37E0110E-FF13-4EB8-9F63-F6AFB15D8467}
		{9BC92AB0-1104-4A7E-8E9A-6D1A01F5B43F} = {37E0110E-FF13-4EB8-9F63-F6AFB15D8467}
		{B8EA35FC-A9BF-482D-8C40-64BC3DC28FE7} = {37E0110E-FF13-4EB8-9F63-F6AFB15D8467}
		{6DF71064-1DB8-44F5-9845-E39004EBCC46} = {BABF0613-8F7C-4949-9D19-DC16CB9F5DCD}
		{F6DA5030-C1CB-4775-939E-5D488C44A1F5} = {37E0110E-FF13-4EB8-9F63-F6AFB15D8467}
		{094AE590-8F63-4563-9AED-953002A8BD86} = {BABF0613-8F7C-4949-9D19-DC16CB9F5DCD}
		{2C7C02F9-E95D-467D-89A0-D150A0BBAE6E} = {BABF0613-8F7C-4949-9D19-DC16CB9F5DCD}
		{50F7CE6D-892A-4315-A01E-326AF8970421} = {3E019359-DB2F-4CA0-BFAC-543FFBC8C085}
		{EA5B14B5-D73A-498C-A02E-22EF2CDE6331} = {BABF0613-8F7C-4949-9D19-DC16CB9F5DCD}
		{6F3DC545-032E-4EA2-A57B-20BC3BD242B6} = {EA5B14B5-D73A-498C-A02E-22EF2CDE6331}
		{98986BFE-78F0-4C13-BEDA-5EB491DC34C1} = {EA5B14B5-D73A-498C-A02E-22EF2CDE6331}
		{9422CE52-C6A2-470E-B17D-C2C419C934E7} = {EA5B14B5-D73A-498C-A02E-22EF2CDE6331}
		{7778A9A1-C677-4B8E-BFBC-8C245380F6F1} = {EA5B14B5-D73A-498C-A02E-22EF2CDE6331}
		{37693F9F-D1D1-42B1-A849-9A42EFB74BBE} = {EA5B14B5-D73A-498C-A02E-22EF2CDE6331}
		{BF909B3E-070C-475F-AB40-04370C5585A1} = {77D57CDC-6D49-4E1C-B5FF-8A3B5384BBFD}
		{4C247E6C-0B39-4A71-A4FD-9C5149CCF161} = {DA47AEC4-6A1B-436A-837E-5D3450815A82}
		{B98EC97D-717C-495B-A78D-D8BF4156EFD2} = {DA47AEC4-6A1B-436A-837E-5D3450815A82}
		{C400E2B6-7B64-46C5-8EEF-302B0CD93940} = {3E019359-DB2F-4CA0-BFAC-543FFBC8C085}
		{31617CC0-2D30-44B2-AE4A-D64F9D75AE68} = {9ED833B0-E151-4E58-93FC-546663587444}
		{05C99549-811A-4972-A3C3-58E0B75716FD} = {9ED833B0-E151-4E58-93FC-546663587444}
		{5758FE26-34F0-417E-9806-7CECCA3A8306} = {9ED833B0-E151-4E58-93FC-546663587444}
	EndGlobalSection
	GlobalSection(ExtensibilityGlobals) = postSolution
		SolutionGuid = {4902126A-BB38-4A9D-A5BC-39DEFBB0A457}
	EndGlobalSection
EndGlobal
